// !$*UTF8*$!
{
	archiveVersion = 1;
	classes = {
	};
	objectVersion = 50;
	objects = {

/* Begin PBXBuildFile section */
		4515A412252CF4FA00A8E51E /* Device.swift in Sources */ = {isa = PBXBuildFile; fileRef = 4515A411252CF4FA00A8E51E /* Device.swift */; };
		4515A41D252CF93900A8E51E /* DateTime.swift in Sources */ = {isa = PBXBuildFile; fileRef = 4515A41C252CF93900A8E51E /* DateTime.swift */; };
		4521DABA253C3D7C00645A65 /* Intents.intentdefinition in Sources */ = {isa = PBXBuildFile; fileRef = 4521DAB9253C3D7C00645A65 /* Intents.intentdefinition */; };
		4521DAC0253C3D9800645A65 /* Intents.intentdefinition in Sources */ = {isa = PBXBuildFile; fileRef = 4521DAB9253C3D7C00645A65 /* Intents.intentdefinition */; };
		4521DADA253C828500645A65 /* UIHelpers.swift in Sources */ = {isa = PBXBuildFile; fileRef = 4521DAD9253C828500645A65 /* UIHelpers.swift */; };
		4526A92C252A60480081BD51 /* String+Ext.swift in Sources */ = {isa = PBXBuildFile; fileRef = 4526A92B252A60480081BD51 /* String+Ext.swift */; };
		454BB9F7253B237400FA9523 /* WeatherWidgetView.swift in Sources */ = {isa = PBXBuildFile; fileRef = 454BB9F6253B237400FA9523 /* WeatherWidgetView.swift */; };
		454BBA02253B257900FA9523 /* WeatherWidgetView.swift in Sources */ = {isa = PBXBuildFile; fileRef = 454BB9F6253B237400FA9523 /* WeatherWidgetView.swift */; };
		454BBA08253B25A100FA9523 /* BackgroundGradient.swift in Sources */ = {isa = PBXBuildFile; fileRef = 4582F19E252C6FE700A3F464 /* BackgroundGradient.swift */; };
		454BBA27253B368500FA9523 /* Assets.xcassets in Resources */ = {isa = PBXBuildFile; fileRef = 45E59B962527481A006FD2C5 /* Assets.xcassets */; };
		455E6FA5252B2C47000F0058 /* ShareButton.swift in Sources */ = {isa = PBXBuildFile; fileRef = 455E6FA4252B2C47000F0058 /* ShareButton.swift */; };
		4582F19F252C6FE700A3F464 /* BackgroundGradient.swift in Sources */ = {isa = PBXBuildFile; fileRef = 4582F19E252C6FE700A3F464 /* BackgroundGradient.swift */; };
		4582F1AA252C76B200A3F464 /* CityTitle.swift in Sources */ = {isa = PBXBuildFile; fileRef = 4582F1A9252C76B100A3F464 /* CityTitle.swift */; };
		4582F1C1252C958300A3F464 /* TemperatureView.swift in Sources */ = {isa = PBXBuildFile; fileRef = 4582F1C0252C958300A3F464 /* TemperatureView.swift */; };
		4582F1C6252C975000A3F464 /* WeatherDescriptionView.swift in Sources */ = {isa = PBXBuildFile; fileRef = 4582F1C5252C975000A3F464 /* WeatherDescriptionView.swift */; };
		4582F1CB252C997700A3F464 /* TempMaxMin.swift in Sources */ = {isa = PBXBuildFile; fileRef = 4582F1CA252C997700A3F464 /* TempMaxMin.swift */; };
		4582F1D3252C9A5000A3F464 /* HumidityView.swift in Sources */ = {isa = PBXBuildFile; fileRef = 4582F1D2252C9A5000A3F464 /* HumidityView.swift */; };
		4582F1DB252C9B8000A3F464 /* CityPicker.swift in Sources */ = {isa = PBXBuildFile; fileRef = 4582F1DA252C9B8000A3F464 /* CityPicker.swift */; };
		4582F1EC252CA5C500A3F464 /* NWError.swift in Sources */ = {isa = PBXBuildFile; fileRef = 4582F1EB252CA5C500A3F464 /* NWError.swift */; };
		4582F1F1252CA60C00A3F464 /* Constants.swift in Sources */ = {isa = PBXBuildFile; fileRef = 4582F1F0252CA60C00A3F464 /* Constants.swift */; };
		4594FB15252881ED00C92639 /* WindRose.swift in Sources */ = {isa = PBXBuildFile; fileRef = 4594FB14252881ED00C92639 /* WindRose.swift */; };
		4594FB2925289E9A00C92639 /* NetworkManager.swift in Sources */ = {isa = PBXBuildFile; fileRef = 4594FB2825289E9A00C92639 /* NetworkManager.swift */; };
		459FBAA9252DB65200173158 /* NiceWeatherSlowTests.swift in Sources */ = {isa = PBXBuildFile; fileRef = 459FBAA8252DB65200173158 /* NiceWeatherSlowTests.swift */; };
		459FBAD1252DC16800173158 /* XCTestCase+Ext.swift in Sources */ = {isa = PBXBuildFile; fileRef = 459FBAD0252DC16800173158 /* XCTestCase+Ext.swift */; };
		459FBADF252DC1B700173158 /* weathertest.json in Resources */ = {isa = PBXBuildFile; fileRef = 459FBADE252DC1B700173158 /* weathertest.json */; };
		45D22ECF253B22FE005560CE /* WidgetKit.framework in Frameworks */ = {isa = PBXBuildFile; fileRef = 45D22ECE253B22FE005560CE /* WidgetKit.framework */; };
		45D22ED1253B22FE005560CE /* SwiftUI.framework in Frameworks */ = {isa = PBXBuildFile; fileRef = 45D22ED0253B22FE005560CE /* SwiftUI.framework */; };
		45D22ED4253B22FE005560CE /* WeatherWidget.swift in Sources */ = {isa = PBXBuildFile; fileRef = 45D22ED3253B22FE005560CE /* WeatherWidget.swift */; };
		45D22ED6253B22FF005560CE /* Assets.xcassets in Resources */ = {isa = PBXBuildFile; fileRef = 45D22ED5253B22FF005560CE /* Assets.xcassets */; };
		45D22EDA253B22FF005560CE /* WeatherWidgetExtension.appex in Embed App Extensions */ = {isa = PBXBuildFile; fileRef = 45D22ECC253B22FE005560CE /* WeatherWidgetExtension.appex */; settings = {ATTRIBUTES = (RemoveHeadersOnCopy, ); }; };
		45DAF5CC252F3C6C0096E12E /* utilitiesFunctions.swift in Sources */ = {isa = PBXBuildFile; fileRef = 45DAF5CB252F3C6C0096E12E /* utilitiesFunctions.swift */; };
		45E59B9325274819006FD2C5 /* NiceWeatherApp.swift in Sources */ = {isa = PBXBuildFile; fileRef = 45E59B9225274819006FD2C5 /* NiceWeatherApp.swift */; };
		45E59B9525274819006FD2C5 /* ContentView.swift in Sources */ = {isa = PBXBuildFile; fileRef = 45E59B9425274819006FD2C5 /* ContentView.swift */; };
		45E59B972527481A006FD2C5 /* Assets.xcassets in Resources */ = {isa = PBXBuildFile; fileRef = 45E59B962527481A006FD2C5 /* Assets.xcassets */; };
		45E59B9A2527481A006FD2C5 /* Preview Assets.xcassets in Resources */ = {isa = PBXBuildFile; fileRef = 45E59B992527481A006FD2C5 /* Preview Assets.xcassets */; };
		45E59BA52527481A006FD2C5 /* NiceWeatherTests.swift in Sources */ = {isa = PBXBuildFile; fileRef = 45E59BA42527481A006FD2C5 /* NiceWeatherTests.swift */; };
		45E59BB02527481A006FD2C5 /* NiceWeatherUITests.swift in Sources */ = {isa = PBXBuildFile; fileRef = 45E59BAF2527481A006FD2C5 /* NiceWeatherUITests.swift */; };
		45E59BCD252748D9006FD2C5 /* CurrentWeather.swift in Sources */ = {isa = PBXBuildFile; fileRef = 45E59BCC252748D9006FD2C5 /* CurrentWeather.swift */; };
		45E59BD22527497E006FD2C5 /* WeatherModel.swift in Sources */ = {isa = PBXBuildFile; fileRef = 45E59BD12527497E006FD2C5 /* WeatherModel.swift */; };
		45E59BD7252749E8006FD2C5 /* Location.swift in Sources */ = {isa = PBXBuildFile; fileRef = 45E59BD6252749E8006FD2C5 /* Location.swift */; };
		45E59BF825277117006FD2C5 /* ShareWeather.swift in Sources */ = {isa = PBXBuildFile; fileRef = 45E59BF725277117006FD2C5 /* ShareWeather.swift */; };
/* End PBXBuildFile section */

/* Begin PBXContainerItemProxy section */
		459FBAAB252DB65200173158 /* PBXContainerItemProxy */ = {
			isa = PBXContainerItemProxy;
			containerPortal = 45E59B8725274819006FD2C5 /* Project object */;
			proxyType = 1;
			remoteGlobalIDString = 45E59B8E25274819006FD2C5;
			remoteInfo = NiceWeather;
		};
		45D22ED8253B22FF005560CE /* PBXContainerItemProxy */ = {
			isa = PBXContainerItemProxy;
			containerPortal = 45E59B8725274819006FD2C5 /* Project object */;
			proxyType = 1;
			remoteGlobalIDString = 45D22ECB253B22FE005560CE;
			remoteInfo = WeatherWidgetExtension;
		};
		45E59BA12527481A006FD2C5 /* PBXContainerItemProxy */ = {
			isa = PBXContainerItemProxy;
			containerPortal = 45E59B8725274819006FD2C5 /* Project object */;
			proxyType = 1;
			remoteGlobalIDString = 45E59B8E25274819006FD2C5;
			remoteInfo = NiceWeather;
		};
		45E59BAC2527481A006FD2C5 /* PBXContainerItemProxy */ = {
			isa = PBXContainerItemProxy;
			containerPortal = 45E59B8725274819006FD2C5 /* Project object */;
			proxyType = 1;
			remoteGlobalIDString = 45E59B8E25274819006FD2C5;
			remoteInfo = NiceWeather;
		};
/* End PBXContainerItemProxy section */

/* Begin PBXCopyFilesBuildPhase section */
		45D22EDC253B22FF005560CE /* Embed App Extensions */ = {
			isa = PBXCopyFilesBuildPhase;
			buildActionMask = 2147483647;
			dstPath = "";
			dstSubfolderSpec = 13;
			files = (
				45D22EDA253B22FF005560CE /* WeatherWidgetExtension.appex in Embed App Extensions */,
			);
			name = "Embed App Extensions";
			runOnlyForDeploymentPostprocessing = 0;
		};
/* End PBXCopyFilesBuildPhase section */

/* Begin PBXFileReference section */
		4515A401252CDCC500A8E51E /* NiceWeather.entitlements */ = {isa = PBXFileReference; lastKnownFileType = text.plist.entitlements; path = NiceWeather.entitlements; sourceTree = "<group>"; };
		4515A411252CF4FA00A8E51E /* Device.swift */ = {isa = PBXFileReference; lastKnownFileType = sourcecode.swift; path = Device.swift; sourceTree = "<group>"; };
		4515A41C252CF93900A8E51E /* DateTime.swift */ = {isa = PBXFileReference; lastKnownFileType = sourcecode.swift; path = DateTime.swift; sourceTree = "<group>"; };
		4521DAB9253C3D7C00645A65 /* Intents.intentdefinition */ = {isa = PBXFileReference; lastKnownFileType = file.intentdefinition; path = Intents.intentdefinition; sourceTree = "<group>"; };
		4521DAD9253C828500645A65 /* UIHelpers.swift */ = {isa = PBXFileReference; lastKnownFileType = sourcecode.swift; path = UIHelpers.swift; sourceTree = "<group>"; };
		4526A92B252A60480081BD51 /* String+Ext.swift */ = {isa = PBXFileReference; lastKnownFileType = sourcecode.swift; path = "String+Ext.swift"; sourceTree = "<group>"; };
		454BB9F6253B237400FA9523 /* WeatherWidgetView.swift */ = {isa = PBXFileReference; lastKnownFileType = sourcecode.swift; path = WeatherWidgetView.swift; sourceTree = "<group>"; };
		455E6FA4252B2C47000F0058 /* ShareButton.swift */ = {isa = PBXFileReference; lastKnownFileType = sourcecode.swift; path = ShareButton.swift; sourceTree = "<group>"; };
		4582F19E252C6FE700A3F464 /* BackgroundGradient.swift */ = {isa = PBXFileReference; lastKnownFileType = sourcecode.swift; path = BackgroundGradient.swift; sourceTree = "<group>"; };
		4582F1A9252C76B100A3F464 /* CityTitle.swift */ = {isa = PBXFileReference; lastKnownFileType = sourcecode.swift; path = CityTitle.swift; sourceTree = "<group>"; };
		4582F1C0252C958300A3F464 /* TemperatureView.swift */ = {isa = PBXFileReference; lastKnownFileType = sourcecode.swift; path = TemperatureView.swift; sourceTree = "<group>"; };
		4582F1C5252C975000A3F464 /* WeatherDescriptionView.swift */ = {isa = PBXFileReference; lastKnownFileType = sourcecode.swift; path = WeatherDescriptionView.swift; sourceTree = "<group>"; };
		4582F1CA252C997700A3F464 /* TempMaxMin.swift */ = {isa = PBXFileReference; lastKnownFileType = sourcecode.swift; path = TempMaxMin.swift; sourceTree = "<group>"; };
		4582F1D2252C9A5000A3F464 /* HumidityView.swift */ = {isa = PBXFileReference; lastKnownFileType = sourcecode.swift; path = HumidityView.swift; sourceTree = "<group>"; };
		4582F1DA252C9B8000A3F464 /* CityPicker.swift */ = {isa = PBXFileReference; lastKnownFileType = sourcecode.swift; path = CityPicker.swift; sourceTree = "<group>"; };
		4582F1EB252CA5C500A3F464 /* NWError.swift */ = {isa = PBXFileReference; lastKnownFileType = sourcecode.swift; path = NWError.swift; sourceTree = "<group>"; };
		4582F1F0252CA60C00A3F464 /* Constants.swift */ = {isa = PBXFileReference; lastKnownFileType = sourcecode.swift; path = Constants.swift; sourceTree = "<group>"; };
		4594FB14252881ED00C92639 /* WindRose.swift */ = {isa = PBXFileReference; lastKnownFileType = sourcecode.swift; path = WindRose.swift; sourceTree = "<group>"; };
		4594FB2825289E9A00C92639 /* NetworkManager.swift */ = {isa = PBXFileReference; lastKnownFileType = sourcecode.swift; path = NetworkManager.swift; sourceTree = "<group>"; };
		459FBAA6252DB65200173158 /* NiceWeatherSlowTests.xctest */ = {isa = PBXFileReference; explicitFileType = wrapper.cfbundle; includeInIndex = 0; path = NiceWeatherSlowTests.xctest; sourceTree = BUILT_PRODUCTS_DIR; };
		459FBAA8252DB65200173158 /* NiceWeatherSlowTests.swift */ = {isa = PBXFileReference; lastKnownFileType = sourcecode.swift; path = NiceWeatherSlowTests.swift; sourceTree = "<group>"; };
		459FBAAA252DB65200173158 /* Info.plist */ = {isa = PBXFileReference; lastKnownFileType = text.plist.xml; path = Info.plist; sourceTree = "<group>"; };
		459FBAD0252DC16800173158 /* XCTestCase+Ext.swift */ = {isa = PBXFileReference; lastKnownFileType = sourcecode.swift; path = "XCTestCase+Ext.swift"; sourceTree = "<group>"; };
		459FBADE252DC1B700173158 /* weathertest.json */ = {isa = PBXFileReference; fileEncoding = 4; lastKnownFileType = text.json; path = weathertest.json; sourceTree = "<group>"; };
		45D22ECC253B22FE005560CE /* WeatherWidgetExtension.appex */ = {isa = PBXFileReference; explicitFileType = "wrapper.app-extension"; includeInIndex = 0; path = WeatherWidgetExtension.appex; sourceTree = BUILT_PRODUCTS_DIR; };
		45D22ECE253B22FE005560CE /* WidgetKit.framework */ = {isa = PBXFileReference; lastKnownFileType = wrapper.framework; name = WidgetKit.framework; path = System/Library/Frameworks/WidgetKit.framework; sourceTree = SDKROOT; };
		45D22ED0253B22FE005560CE /* SwiftUI.framework */ = {isa = PBXFileReference; lastKnownFileType = wrapper.framework; name = SwiftUI.framework; path = System/Library/Frameworks/SwiftUI.framework; sourceTree = SDKROOT; };
		45D22ED3253B22FE005560CE /* WeatherWidget.swift */ = {isa = PBXFileReference; lastKnownFileType = sourcecode.swift; path = WeatherWidget.swift; sourceTree = "<group>"; };
		45D22ED5253B22FF005560CE /* Assets.xcassets */ = {isa = PBXFileReference; lastKnownFileType = folder.assetcatalog; path = Assets.xcassets; sourceTree = "<group>"; };
		45D22ED7253B22FF005560CE /* Info.plist */ = {isa = PBXFileReference; lastKnownFileType = text.plist.xml; path = Info.plist; sourceTree = "<group>"; };
		45D22EDB253B22FF005560CE /* WeatherWidgetExtension.entitlements */ = {isa = PBXFileReference; lastKnownFileType = text.plist.entitlements; path = WeatherWidgetExtension.entitlements; sourceTree = "<group>"; };
		45DAF5CB252F3C6C0096E12E /* utilitiesFunctions.swift */ = {isa = PBXFileReference; lastKnownFileType = sourcecode.swift; path = utilitiesFunctions.swift; sourceTree = "<group>"; };
		45E59B8F25274819006FD2C5 /* NiceWeather.app */ = {isa = PBXFileReference; explicitFileType = wrapper.application; includeInIndex = 0; path = NiceWeather.app; sourceTree = BUILT_PRODUCTS_DIR; };
		45E59B9225274819006FD2C5 /* NiceWeatherApp.swift */ = {isa = PBXFileReference; lastKnownFileType = sourcecode.swift; path = NiceWeatherApp.swift; sourceTree = "<group>"; };
		45E59B9425274819006FD2C5 /* ContentView.swift */ = {isa = PBXFileReference; lastKnownFileType = sourcecode.swift; path = ContentView.swift; sourceTree = "<group>"; };
		45E59B962527481A006FD2C5 /* Assets.xcassets */ = {isa = PBXFileReference; lastKnownFileType = folder.assetcatalog; path = Assets.xcassets; sourceTree = "<group>"; };
		45E59B992527481A006FD2C5 /* Preview Assets.xcassets */ = {isa = PBXFileReference; lastKnownFileType = folder.assetcatalog; path = "Preview Assets.xcassets"; sourceTree = "<group>"; };
		45E59B9B2527481A006FD2C5 /* Info.plist */ = {isa = PBXFileReference; lastKnownFileType = text.plist.xml; path = Info.plist; sourceTree = "<group>"; };
		45E59BA02527481A006FD2C5 /* NiceWeatherTests.xctest */ = {isa = PBXFileReference; explicitFileType = wrapper.cfbundle; includeInIndex = 0; path = NiceWeatherTests.xctest; sourceTree = BUILT_PRODUCTS_DIR; };
		45E59BA42527481A006FD2C5 /* NiceWeatherTests.swift */ = {isa = PBXFileReference; lastKnownFileType = sourcecode.swift; path = NiceWeatherTests.swift; sourceTree = "<group>"; };
		45E59BA62527481A006FD2C5 /* Info.plist */ = {isa = PBXFileReference; lastKnownFileType = text.plist.xml; path = Info.plist; sourceTree = "<group>"; };
		45E59BAB2527481A006FD2C5 /* NiceWeatherUITests.xctest */ = {isa = PBXFileReference; explicitFileType = wrapper.cfbundle; includeInIndex = 0; path = NiceWeatherUITests.xctest; sourceTree = BUILT_PRODUCTS_DIR; };
		45E59BAF2527481A006FD2C5 /* NiceWeatherUITests.swift */ = {isa = PBXFileReference; lastKnownFileType = sourcecode.swift; path = NiceWeatherUITests.swift; sourceTree = "<group>"; };
		45E59BB12527481A006FD2C5 /* Info.plist */ = {isa = PBXFileReference; lastKnownFileType = text.plist.xml; path = Info.plist; sourceTree = "<group>"; };
		45E59BCC252748D9006FD2C5 /* CurrentWeather.swift */ = {isa = PBXFileReference; lastKnownFileType = sourcecode.swift; path = CurrentWeather.swift; sourceTree = "<group>"; };
		45E59BD12527497E006FD2C5 /* WeatherModel.swift */ = {isa = PBXFileReference; lastKnownFileType = sourcecode.swift; path = WeatherModel.swift; sourceTree = "<group>"; };
		45E59BD6252749E8006FD2C5 /* Location.swift */ = {isa = PBXFileReference; lastKnownFileType = sourcecode.swift; path = Location.swift; sourceTree = "<group>"; };
		45E59BF725277117006FD2C5 /* ShareWeather.swift */ = {isa = PBXFileReference; lastKnownFileType = sourcecode.swift; path = ShareWeather.swift; sourceTree = "<group>"; };
/* End PBXFileReference section */

/* Begin PBXFrameworksBuildPhase section */
		459FBAA3252DB65200173158 /* Frameworks */ = {
			isa = PBXFrameworksBuildPhase;
			buildActionMask = 2147483647;
			files = (
			);
			runOnlyForDeploymentPostprocessing = 0;
		};
		45D22EC9253B22FE005560CE /* Frameworks */ = {
			isa = PBXFrameworksBuildPhase;
			buildActionMask = 2147483647;
			files = (
				45D22ED1253B22FE005560CE /* SwiftUI.framework in Frameworks */,
				45D22ECF253B22FE005560CE /* WidgetKit.framework in Frameworks */,
			);
			runOnlyForDeploymentPostprocessing = 0;
		};
		45E59B8C25274819006FD2C5 /* Frameworks */ = {
			isa = PBXFrameworksBuildPhase;
			buildActionMask = 2147483647;
			files = (
			);
			runOnlyForDeploymentPostprocessing = 0;
		};
		45E59B9D2527481A006FD2C5 /* Frameworks */ = {
			isa = PBXFrameworksBuildPhase;
			buildActionMask = 2147483647;
			files = (
			);
			runOnlyForDeploymentPostprocessing = 0;
		};
		45E59BA82527481A006FD2C5 /* Frameworks */ = {
			isa = PBXFrameworksBuildPhase;
			buildActionMask = 2147483647;
			files = (
			);
			runOnlyForDeploymentPostprocessing = 0;
		};
/* End PBXFrameworksBuildPhase section */

/* Begin PBXGroup section */
		451611BD252DA5A9009F68BE /* Managers */ = {
			isa = PBXGroup;
			children = (
				4594FB2825289E9A00C92639 /* NetworkManager.swift */,
			);
			path = Managers;
			sourceTree = "<group>";
		};
		4582F1B6252C7BEA00A3F464 /* Extensions */ = {
			isa = PBXGroup;
			children = (
				4526A92B252A60480081BD51 /* String+Ext.swift */,
			);
			path = Extensions;
			sourceTree = "<group>";
		};
		4582F215252CD9ED00A3F464 /* ViewModel */ = {
			isa = PBXGroup;
			children = (
				45E59BD12527497E006FD2C5 /* WeatherModel.swift */,
			);
			path = ViewModel;
			sourceTree = "<group>";
		};
		4582F216252CDA3300A3F464 /* Support */ = {
			isa = PBXGroup;
			children = (
				45E59B962527481A006FD2C5 /* Assets.xcassets */,
			);
			path = Support;
			sourceTree = "<group>";
		};
		4594FB5F2528BE6100C92639 /* Utilities */ = {
			isa = PBXGroup;
			children = (
				45E59BF725277117006FD2C5 /* ShareWeather.swift */,
				4582F1EB252CA5C500A3F464 /* NWError.swift */,
				4582F1F0252CA60C00A3F464 /* Constants.swift */,
				4515A411252CF4FA00A8E51E /* Device.swift */,
				45DAF5CB252F3C6C0096E12E /* utilitiesFunctions.swift */,
				4521DAD9253C828500645A65 /* UIHelpers.swift */,
			);
			path = Utilities;
			sourceTree = "<group>";
		};
		4594FB632528BE8100C92639 /* Views */ = {
			isa = PBXGroup;
			children = (
				4582F19E252C6FE700A3F464 /* BackgroundGradient.swift */,
				455E6FA4252B2C47000F0058 /* ShareButton.swift */,
				4582F1A9252C76B100A3F464 /* CityTitle.swift */,
				4515A41C252CF93900A8E51E /* DateTime.swift */,
				4582F1C0252C958300A3F464 /* TemperatureView.swift */,
				4582F1C5252C975000A3F464 /* WeatherDescriptionView.swift */,
				4582F1CA252C997700A3F464 /* TempMaxMin.swift */,
				4582F1D2252C9A5000A3F464 /* HumidityView.swift */,
				4594FB14252881ED00C92639 /* WindRose.swift */,
				4582F1DA252C9B8000A3F464 /* CityPicker.swift */,
			);
			path = Views;
			sourceTree = "<group>";
		};
		459FBAA7252DB65200173158 /* NiceWeatherSlowTests */ = {
			isa = PBXGroup;
			children = (
				459FBAA8252DB65200173158 /* NiceWeatherSlowTests.swift */,
				459FBAAA252DB65200173158 /* Info.plist */,
			);
			path = NiceWeatherSlowTests;
			sourceTree = "<group>";
		};
		45D22ECD253B22FE005560CE /* Frameworks */ = {
			isa = PBXGroup;
			children = (
				45D22ECE253B22FE005560CE /* WidgetKit.framework */,
				45D22ED0253B22FE005560CE /* SwiftUI.framework */,
			);
			name = Frameworks;
			sourceTree = "<group>";
		};
		45D22ED2253B22FE005560CE /* WeatherWidget */ = {
			isa = PBXGroup;
			children = (
				4521DAB9253C3D7C00645A65 /* Intents.intentdefinition */,
				454BB9F6253B237400FA9523 /* WeatherWidgetView.swift */,
				45D22ED3253B22FE005560CE /* WeatherWidget.swift */,
				45D22ED5253B22FF005560CE /* Assets.xcassets */,
				45D22ED7253B22FF005560CE /* Info.plist */,
			);
			path = WeatherWidget;
			sourceTree = "<group>";
		};
		45E59B8625274819006FD2C5 = {
			isa = PBXGroup;
			children = (
				45D22EDB253B22FF005560CE /* WeatherWidgetExtension.entitlements */,
				45E59B9125274819006FD2C5 /* NiceWeather */,
				45E59BA32527481A006FD2C5 /* NiceWeatherTests */,
				459FBAA7252DB65200173158 /* NiceWeatherSlowTests */,
				45E59BAE2527481A006FD2C5 /* NiceWeatherUITests */,
				45D22ED2253B22FE005560CE /* WeatherWidget */,
				45D22ECD253B22FE005560CE /* Frameworks */,
				45E59B9025274819006FD2C5 /* Products */,
			);
			sourceTree = "<group>";
		};
		45E59B9025274819006FD2C5 /* Products */ = {
			isa = PBXGroup;
			children = (
				45E59B8F25274819006FD2C5 /* NiceWeather.app */,
				45E59BA02527481A006FD2C5 /* NiceWeatherTests.xctest */,
				45E59BAB2527481A006FD2C5 /* NiceWeatherUITests.xctest */,
				459FBAA6252DB65200173158 /* NiceWeatherSlowTests.xctest */,
				45D22ECC253B22FE005560CE /* WeatherWidgetExtension.appex */,
			);
			name = Products;
			sourceTree = "<group>";
		};
		45E59B9125274819006FD2C5 /* NiceWeather */ = {
			isa = PBXGroup;
			children = (
				4515A401252CDCC500A8E51E /* NiceWeather.entitlements */,
				45E59B9225274819006FD2C5 /* NiceWeatherApp.swift */,
				45E59B9425274819006FD2C5 /* ContentView.swift */,
				4594FB632528BE8100C92639 /* Views */,
				4582F215252CD9ED00A3F464 /* ViewModel */,
				45E59BC025274884006FD2C5 /* Model */,
				4582F216252CDA3300A3F464 /* Support */,
				45E59B9B2527481A006FD2C5 /* Info.plist */,
				451611BD252DA5A9009F68BE /* Managers */,
				4582F1B6252C7BEA00A3F464 /* Extensions */,
				4594FB5F2528BE6100C92639 /* Utilities */,
				45E59B982527481A006FD2C5 /* Preview Content */,
			);
			path = NiceWeather;
			sourceTree = "<group>";
		};
		45E59B982527481A006FD2C5 /* Preview Content */ = {
			isa = PBXGroup;
			children = (
				45E59B992527481A006FD2C5 /* Preview Assets.xcassets */,
			);
			path = "Preview Content";
			sourceTree = "<group>";
		};
		45E59BA32527481A006FD2C5 /* NiceWeatherTests */ = {
			isa = PBXGroup;
			children = (
				45E59BA42527481A006FD2C5 /* NiceWeatherTests.swift */,
				459FBAD0252DC16800173158 /* XCTestCase+Ext.swift */,
				459FBADE252DC1B700173158 /* weathertest.json */,
				45E59BA62527481A006FD2C5 /* Info.plist */,
			);
			path = NiceWeatherTests;
			sourceTree = "<group>";
		};
		45E59BAE2527481A006FD2C5 /* NiceWeatherUITests */ = {
			isa = PBXGroup;
			children = (
				45E59BAF2527481A006FD2C5 /* NiceWeatherUITests.swift */,
				45E59BB12527481A006FD2C5 /* Info.plist */,
			);
			path = NiceWeatherUITests;
			sourceTree = "<group>";
		};
		45E59BC025274884006FD2C5 /* Model */ = {
			isa = PBXGroup;
			children = (
				45E59BD6252749E8006FD2C5 /* Location.swift */,
				45E59BCC252748D9006FD2C5 /* CurrentWeather.swift */,
			);
			path = Model;
			sourceTree = "<group>";
		};
/* End PBXGroup section */

/* Begin PBXNativeTarget section */
		459FBAA5252DB65200173158 /* NiceWeatherSlowTests */ = {
			isa = PBXNativeTarget;
			buildConfigurationList = 459FBAAF252DB65200173158 /* Build configuration list for PBXNativeTarget "NiceWeatherSlowTests" */;
			buildPhases = (
				459FBAA2252DB65200173158 /* Sources */,
				459FBAA3252DB65200173158 /* Frameworks */,
				459FBAA4252DB65200173158 /* Resources */,
			);
			buildRules = (
			);
			dependencies = (
				459FBAAC252DB65200173158 /* PBXTargetDependency */,
			);
			name = NiceWeatherSlowTests;
			productName = NiceWeatherSlowTests;
			productReference = 459FBAA6252DB65200173158 /* NiceWeatherSlowTests.xctest */;
			productType = "com.apple.product-type.bundle.unit-test";
		};
		45D22ECB253B22FE005560CE /* WeatherWidgetExtension */ = {
			isa = PBXNativeTarget;
			buildConfigurationList = 45D22EDF253B22FF005560CE /* Build configuration list for PBXNativeTarget "WeatherWidgetExtension" */;
			buildPhases = (
				45D22EC8253B22FE005560CE /* Sources */,
				45D22EC9253B22FE005560CE /* Frameworks */,
				45D22ECA253B22FE005560CE /* Resources */,
			);
			buildRules = (
			);
			dependencies = (
			);
			name = WeatherWidgetExtension;
			productName = WeatherWidgetExtension;
			productReference = 45D22ECC253B22FE005560CE /* WeatherWidgetExtension.appex */;
			productType = "com.apple.product-type.app-extension";
		};
		45E59B8E25274819006FD2C5 /* NiceWeather */ = {
			isa = PBXNativeTarget;
			buildConfigurationList = 45E59BB42527481A006FD2C5 /* Build configuration list for PBXNativeTarget "NiceWeather" */;
			buildPhases = (
				45E59B8B25274819006FD2C5 /* Sources */,
				45E59B8C25274819006FD2C5 /* Frameworks */,
				45E59B8D25274819006FD2C5 /* Resources */,
				45D22EDC253B22FF005560CE /* Embed App Extensions */,
			);
			buildRules = (
			);
			dependencies = (
				45D22ED9253B22FF005560CE /* PBXTargetDependency */,
			);
			name = NiceWeather;
			productName = NiceWeather;
			productReference = 45E59B8F25274819006FD2C5 /* NiceWeather.app */;
			productType = "com.apple.product-type.application";
		};
		45E59B9F2527481A006FD2C5 /* NiceWeatherTests */ = {
			isa = PBXNativeTarget;
			buildConfigurationList = 45E59BB72527481A006FD2C5 /* Build configuration list for PBXNativeTarget "NiceWeatherTests" */;
			buildPhases = (
				45E59B9C2527481A006FD2C5 /* Sources */,
				45E59B9D2527481A006FD2C5 /* Frameworks */,
				45E59B9E2527481A006FD2C5 /* Resources */,
			);
			buildRules = (
			);
			dependencies = (
				45E59BA22527481A006FD2C5 /* PBXTargetDependency */,
			);
			name = NiceWeatherTests;
			productName = NiceWeatherTests;
			productReference = 45E59BA02527481A006FD2C5 /* NiceWeatherTests.xctest */;
			productType = "com.apple.product-type.bundle.unit-test";
		};
		45E59BAA2527481A006FD2C5 /* NiceWeatherUITests */ = {
			isa = PBXNativeTarget;
			buildConfigurationList = 45E59BBA2527481A006FD2C5 /* Build configuration list for PBXNativeTarget "NiceWeatherUITests" */;
			buildPhases = (
				45E59BA72527481A006FD2C5 /* Sources */,
				45E59BA82527481A006FD2C5 /* Frameworks */,
				45E59BA92527481A006FD2C5 /* Resources */,
			);
			buildRules = (
			);
			dependencies = (
				45E59BAD2527481A006FD2C5 /* PBXTargetDependency */,
			);
			name = NiceWeatherUITests;
			productName = NiceWeatherUITests;
			productReference = 45E59BAB2527481A006FD2C5 /* NiceWeatherUITests.xctest */;
			productType = "com.apple.product-type.bundle.ui-testing";
		};
/* End PBXNativeTarget section */

/* Begin PBXProject section */
		45E59B8725274819006FD2C5 /* Project object */ = {
			isa = PBXProject;
			attributes = {
				LastSwiftUpdateCheck = 1220;
				LastUpgradeCheck = 1220;
				TargetAttributes = {
					459FBAA5252DB65200173158 = {
						CreatedOnToolsVersion = 12.2;
						TestTargetID = 45E59B8E25274819006FD2C5;
					};
					45D22ECB253B22FE005560CE = {
						CreatedOnToolsVersion = 12.2;
					};
					45E59B8E25274819006FD2C5 = {
						CreatedOnToolsVersion = 12.2;
						LastSwiftMigration = 1220;
					};
					45E59B9F2527481A006FD2C5 = {
						CreatedOnToolsVersion = 12.2;
						LastSwiftMigration = 1220;
						TestTargetID = 45E59B8E25274819006FD2C5;
					};
					45E59BAA2527481A006FD2C5 = {
						CreatedOnToolsVersion = 12.2;
						TestTargetID = 45E59B8E25274819006FD2C5;
					};
				};
			};
			buildConfigurationList = 45E59B8A25274819006FD2C5 /* Build configuration list for PBXProject "NiceWeather" */;
			compatibilityVersion = "Xcode 9.3";
			developmentRegion = en;
			hasScannedForEncodings = 0;
			knownRegions = (
				en,
				Base,
			);
			mainGroup = 45E59B8625274819006FD2C5;
			productRefGroup = 45E59B9025274819006FD2C5 /* Products */;
			projectDirPath = "";
			projectRoot = "";
			targets = (
				45E59B8E25274819006FD2C5 /* NiceWeather */,
				45E59B9F2527481A006FD2C5 /* NiceWeatherTests */,
				45E59BAA2527481A006FD2C5 /* NiceWeatherUITests */,
				459FBAA5252DB65200173158 /* NiceWeatherSlowTests */,
				45D22ECB253B22FE005560CE /* WeatherWidgetExtension */,
			);
		};
/* End PBXProject section */

/* Begin PBXResourcesBuildPhase section */
		459FBAA4252DB65200173158 /* Resources */ = {
			isa = PBXResourcesBuildPhase;
			buildActionMask = 2147483647;
			files = (
			);
			runOnlyForDeploymentPostprocessing = 0;
		};
		45D22ECA253B22FE005560CE /* Resources */ = {
			isa = PBXResourcesBuildPhase;
			buildActionMask = 2147483647;
			files = (
				454BBA27253B368500FA9523 /* Assets.xcassets in Resources */,
				45D22ED6253B22FF005560CE /* Assets.xcassets in Resources */,
			);
			runOnlyForDeploymentPostprocessing = 0;
		};
		45E59B8D25274819006FD2C5 /* Resources */ = {
			isa = PBXResourcesBuildPhase;
			buildActionMask = 2147483647;
			files = (
				45E59B9A2527481A006FD2C5 /* Preview Assets.xcassets in Resources */,
				45E59B972527481A006FD2C5 /* Assets.xcassets in Resources */,
			);
			runOnlyForDeploymentPostprocessing = 0;
		};
		45E59B9E2527481A006FD2C5 /* Resources */ = {
			isa = PBXResourcesBuildPhase;
			buildActionMask = 2147483647;
			files = (
				459FBADF252DC1B700173158 /* weathertest.json in Resources */,
			);
			runOnlyForDeploymentPostprocessing = 0;
		};
		45E59BA92527481A006FD2C5 /* Resources */ = {
			isa = PBXResourcesBuildPhase;
			buildActionMask = 2147483647;
			files = (
			);
			runOnlyForDeploymentPostprocessing = 0;
		};
/* End PBXResourcesBuildPhase section */

/* Begin PBXSourcesBuildPhase section */
		459FBAA2252DB65200173158 /* Sources */ = {
			isa = PBXSourcesBuildPhase;
			buildActionMask = 2147483647;
			files = (
				459FBAA9252DB65200173158 /* NiceWeatherSlowTests.swift in Sources */,
			);
			runOnlyForDeploymentPostprocessing = 0;
		};
		45D22EC8253B22FE005560CE /* Sources */ = {
			isa = PBXSourcesBuildPhase;
			buildActionMask = 2147483647;
			files = (
				45D22ED4253B22FE005560CE /* WeatherWidget.swift in Sources */,
				454BBA02253B257900FA9523 /* WeatherWidgetView.swift in Sources */,
				4521DAC0253C3D9800645A65 /* Intents.intentdefinition in Sources */,
				454BBA08253B25A100FA9523 /* BackgroundGradient.swift in Sources */,
			);
			runOnlyForDeploymentPostprocessing = 0;
		};
		45E59B8B25274819006FD2C5 /* Sources */ = {
			isa = PBXSourcesBuildPhase;
			buildActionMask = 2147483647;
			files = (
				4582F1DB252C9B8000A3F464 /* CityPicker.swift in Sources */,
				4582F1F1252CA60C00A3F464 /* Constants.swift in Sources */,
				4582F1AA252C76B200A3F464 /* CityTitle.swift in Sources */,
				45E59B9525274819006FD2C5 /* ContentView.swift in Sources */,
				45E59BD7252749E8006FD2C5 /* Location.swift in Sources */,
				4582F1D3252C9A5000A3F464 /* HumidityView.swift in Sources */,
				4521DABA253C3D7C00645A65 /* Intents.intentdefinition in Sources */,
				4582F1C6252C975000A3F464 /* WeatherDescriptionView.swift in Sources */,
				454BB9F7253B237400FA9523 /* WeatherWidgetView.swift in Sources */,
				4594FB2925289E9A00C92639 /* NetworkManager.swift in Sources */,
				45E59BF825277117006FD2C5 /* ShareWeather.swift in Sources */,
				4582F1C1252C958300A3F464 /* TemperatureView.swift in Sources */,
				4582F19F252C6FE700A3F464 /* BackgroundGradient.swift in Sources */,
				4594FB15252881ED00C92639 /* WindRose.swift in Sources */,
				45E59BCD252748D9006FD2C5 /* CurrentWeather.swift in Sources */,
				4582F1CB252C997700A3F464 /* TempMaxMin.swift in Sources */,
				4521DADA253C828500645A65 /* UIHelpers.swift in Sources */,
				45E59BD22527497E006FD2C5 /* WeatherModel.swift in Sources */,
				45E59B9325274819006FD2C5 /* NiceWeatherApp.swift in Sources */,
				4526A92C252A60480081BD51 /* String+Ext.swift in Sources */,
				455E6FA5252B2C47000F0058 /* ShareButton.swift in Sources */,
				4582F1EC252CA5C500A3F464 /* NWError.swift in Sources */,
				4515A41D252CF93900A8E51E /* DateTime.swift in Sources */,
				45DAF5CC252F3C6C0096E12E /* utilitiesFunctions.swift in Sources */,
				4515A412252CF4FA00A8E51E /* Device.swift in Sources */,
			);
			runOnlyForDeploymentPostprocessing = 0;
		};
		45E59B9C2527481A006FD2C5 /* Sources */ = {
			isa = PBXSourcesBuildPhase;
			buildActionMask = 2147483647;
			files = (
				45E59BA52527481A006FD2C5 /* NiceWeatherTests.swift in Sources */,
				459FBAD1252DC16800173158 /* XCTestCase+Ext.swift in Sources */,
			);
			runOnlyForDeploymentPostprocessing = 0;
		};
		45E59BA72527481A006FD2C5 /* Sources */ = {
			isa = PBXSourcesBuildPhase;
			buildActionMask = 2147483647;
			files = (
				45E59BB02527481A006FD2C5 /* NiceWeatherUITests.swift in Sources */,
			);
			runOnlyForDeploymentPostprocessing = 0;
		};
/* End PBXSourcesBuildPhase section */

/* Begin PBXTargetDependency section */
		459FBAAC252DB65200173158 /* PBXTargetDependency */ = {
			isa = PBXTargetDependency;
			target = 45E59B8E25274819006FD2C5 /* NiceWeather */;
			targetProxy = 459FBAAB252DB65200173158 /* PBXContainerItemProxy */;
		};
		45D22ED9253B22FF005560CE /* PBXTargetDependency */ = {
			isa = PBXTargetDependency;
			target = 45D22ECB253B22FE005560CE /* WeatherWidgetExtension */;
			targetProxy = 45D22ED8253B22FF005560CE /* PBXContainerItemProxy */;
		};
		45E59BA22527481A006FD2C5 /* PBXTargetDependency */ = {
			isa = PBXTargetDependency;
			target = 45E59B8E25274819006FD2C5 /* NiceWeather */;
			targetProxy = 45E59BA12527481A006FD2C5 /* PBXContainerItemProxy */;
		};
		45E59BAD2527481A006FD2C5 /* PBXTargetDependency */ = {
			isa = PBXTargetDependency;
			target = 45E59B8E25274819006FD2C5 /* NiceWeather */;
			targetProxy = 45E59BAC2527481A006FD2C5 /* PBXContainerItemProxy */;
		};
/* End PBXTargetDependency section */

/* Begin XCBuildConfiguration section */
		459FBAAD252DB65200173158 /* Debug */ = {
			isa = XCBuildConfiguration;
			buildSettings = {
				BUNDLE_LOADER = "$(TEST_HOST)";
				CODE_SIGN_STYLE = Automatic;
				DEVELOPMENT_TEAM = GGXD5E6AF8;
				INFOPLIST_FILE = NiceWeatherSlowTests/Info.plist;
				LD_RUNPATH_SEARCH_PATHS = (
					"$(inherited)",
					"@executable_path/Frameworks",
					"@loader_path/Frameworks",
				);
				PRODUCT_BUNDLE_IDENTIFIER = com.laurentb.NiceWeatherSlowTests;
				PRODUCT_NAME = "$(TARGET_NAME)";
				SWIFT_VERSION = 5.0;
				TARGETED_DEVICE_FAMILY = "1,2";
				TEST_HOST = "$(BUILT_PRODUCTS_DIR)/NiceWeather.app/NiceWeather";
			};
			name = Debug;
		};
		459FBAAE252DB65200173158 /* Release */ = {
			isa = XCBuildConfiguration;
			buildSettings = {
				BUNDLE_LOADER = "$(TEST_HOST)";
				CODE_SIGN_STYLE = Automatic;
				DEVELOPMENT_TEAM = GGXD5E6AF8;
				INFOPLIST_FILE = NiceWeatherSlowTests/Info.plist;
				LD_RUNPATH_SEARCH_PATHS = (
					"$(inherited)",
					"@executable_path/Frameworks",
					"@loader_path/Frameworks",
				);
				PRODUCT_BUNDLE_IDENTIFIER = com.laurentb.NiceWeatherSlowTests;
				PRODUCT_NAME = "$(TARGET_NAME)";
				SWIFT_VERSION = 5.0;
				TARGETED_DEVICE_FAMILY = "1,2";
				TEST_HOST = "$(BUILT_PRODUCTS_DIR)/NiceWeather.app/NiceWeather";
			};
			name = Release;
		};
		45D22EDD253B22FF005560CE /* Debug */ = {
			isa = XCBuildConfiguration;
			buildSettings = {
				ASSETCATALOG_COMPILER_GLOBAL_ACCENT_COLOR_NAME = AccentColor;
				ASSETCATALOG_COMPILER_WIDGET_BACKGROUND_COLOR_NAME = WidgetBackground;
				CODE_SIGN_ENTITLEMENTS = WeatherWidgetExtension.entitlements;
				CODE_SIGN_STYLE = Automatic;
				DEVELOPMENT_TEAM = GGXD5E6AF8;
				INFOPLIST_FILE = WeatherWidget/Info.plist;
				IPHONEOS_DEPLOYMENT_TARGET = 14.2;
				LD_RUNPATH_SEARCH_PATHS = (
					"$(inherited)",
					"@executable_path/Frameworks",
					"@executable_path/../../Frameworks",
				);
				PRODUCT_BUNDLE_IDENTIFIER = com.laurentb.NiceWeather.WeatherWidget;
				PRODUCT_NAME = "$(TARGET_NAME)";
				SKIP_INSTALL = YES;
				SUPPORTS_MACCATALYST = YES;
				SWIFT_VERSION = 5.0;
				TARGETED_DEVICE_FAMILY = "1,2";
			};
			name = Debug;
		};
		45D22EDE253B22FF005560CE /* Release */ = {
			isa = XCBuildConfiguration;
			buildSettings = {
				ASSETCATALOG_COMPILER_GLOBAL_ACCENT_COLOR_NAME = AccentColor;
				ASSETCATALOG_COMPILER_WIDGET_BACKGROUND_COLOR_NAME = WidgetBackground;
				CODE_SIGN_ENTITLEMENTS = WeatherWidgetExtension.entitlements;
				CODE_SIGN_STYLE = Automatic;
				DEVELOPMENT_TEAM = GGXD5E6AF8;
				INFOPLIST_FILE = WeatherWidget/Info.plist;
				IPHONEOS_DEPLOYMENT_TARGET = 14.2;
				LD_RUNPATH_SEARCH_PATHS = (
					"$(inherited)",
					"@executable_path/Frameworks",
					"@executable_path/../../Frameworks",
				);
				PRODUCT_BUNDLE_IDENTIFIER = com.laurentb.NiceWeather.WeatherWidget;
				PRODUCT_NAME = "$(TARGET_NAME)";
				SKIP_INSTALL = YES;
				SUPPORTS_MACCATALYST = YES;
				SWIFT_VERSION = 5.0;
				TARGETED_DEVICE_FAMILY = "1,2";
			};
			name = Release;
		};
		45E59BB22527481A006FD2C5 /* Debug */ = {
			isa = XCBuildConfiguration;
			buildSettings = {
				ALWAYS_SEARCH_USER_PATHS = NO;
				CLANG_ANALYZER_NONNULL = YES;
				CLANG_ANALYZER_NUMBER_OBJECT_CONVERSION = YES_AGGRESSIVE;
				CLANG_CXX_LANGUAGE_STANDARD = "gnu++14";
				CLANG_CXX_LIBRARY = "libc++";
				CLANG_ENABLE_MODULES = YES;
				CLANG_ENABLE_OBJC_ARC = YES;
				CLANG_ENABLE_OBJC_WEAK = YES;
				CLANG_WARN_BLOCK_CAPTURE_AUTORELEASING = YES;
				CLANG_WARN_BOOL_CONVERSION = YES;
				CLANG_WARN_COMMA = YES;
				CLANG_WARN_CONSTANT_CONVERSION = YES;
				CLANG_WARN_DEPRECATED_OBJC_IMPLEMENTATIONS = YES;
				CLANG_WARN_DIRECT_OBJC_ISA_USAGE = YES_ERROR;
				CLANG_WARN_DOCUMENTATION_COMMENTS = YES;
				CLANG_WARN_EMPTY_BODY = YES;
				CLANG_WARN_ENUM_CONVERSION = YES;
				CLANG_WARN_INFINITE_RECURSION = YES;
				CLANG_WARN_INT_CONVERSION = YES;
				CLANG_WARN_NON_LITERAL_NULL_CONVERSION = YES;
				CLANG_WARN_OBJC_IMPLICIT_RETAIN_SELF = YES;
				CLANG_WARN_OBJC_LITERAL_CONVERSION = YES;
				CLANG_WARN_OBJC_ROOT_CLASS = YES_ERROR;
				CLANG_WARN_QUOTED_INCLUDE_IN_FRAMEWORK_HEADER = YES;
				CLANG_WARN_RANGE_LOOP_ANALYSIS = YES;
				CLANG_WARN_STRICT_PROTOTYPES = YES;
				CLANG_WARN_SUSPICIOUS_MOVE = YES;
				CLANG_WARN_UNGUARDED_AVAILABILITY = YES_AGGRESSIVE;
				CLANG_WARN_UNREACHABLE_CODE = YES;
				CLANG_WARN__DUPLICATE_METHOD_MATCH = YES;
				COPY_PHASE_STRIP = NO;
				DEBUG_INFORMATION_FORMAT = dwarf;
				ENABLE_STRICT_OBJC_MSGSEND = YES;
				ENABLE_TESTABILITY = YES;
				GCC_C_LANGUAGE_STANDARD = gnu11;
				GCC_DYNAMIC_NO_PIC = NO;
				GCC_NO_COMMON_BLOCKS = YES;
				GCC_OPTIMIZATION_LEVEL = 0;
				GCC_PREPROCESSOR_DEFINITIONS = (
					"DEBUG=1",
					"$(inherited)",
				);
				GCC_WARN_64_TO_32_BIT_CONVERSION = YES;
				GCC_WARN_ABOUT_RETURN_TYPE = YES_ERROR;
				GCC_WARN_UNDECLARED_SELECTOR = YES;
				GCC_WARN_UNINITIALIZED_AUTOS = YES_AGGRESSIVE;
				GCC_WARN_UNUSED_FUNCTION = YES;
				GCC_WARN_UNUSED_VARIABLE = YES;
				IPHONEOS_DEPLOYMENT_TARGET = 14.0;
				MTL_ENABLE_DEBUG_INFO = INCLUDE_SOURCE;
				MTL_FAST_MATH = YES;
				ONLY_ACTIVE_ARCH = YES;
				SDKROOT = iphoneos;
				SWIFT_ACTIVE_COMPILATION_CONDITIONS = DEBUG;
				SWIFT_OPTIMIZATION_LEVEL = "-Onone";
			};
			name = Debug;
		};
		45E59BB32527481A006FD2C5 /* Release */ = {
			isa = XCBuildConfiguration;
			buildSettings = {
				ALWAYS_SEARCH_USER_PATHS = NO;
				CLANG_ANALYZER_NONNULL = YES;
				CLANG_ANALYZER_NUMBER_OBJECT_CONVERSION = YES_AGGRESSIVE;
				CLANG_CXX_LANGUAGE_STANDARD = "gnu++14";
				CLANG_CXX_LIBRARY = "libc++";
				CLANG_ENABLE_MODULES = YES;
				CLANG_ENABLE_OBJC_ARC = YES;
				CLANG_ENABLE_OBJC_WEAK = YES;
				CLANG_WARN_BLOCK_CAPTURE_AUTORELEASING = YES;
				CLANG_WARN_BOOL_CONVERSION = YES;
				CLANG_WARN_COMMA = YES;
				CLANG_WARN_CONSTANT_CONVERSION = YES;
				CLANG_WARN_DEPRECATED_OBJC_IMPLEMENTATIONS = YES;
				CLANG_WARN_DIRECT_OBJC_ISA_USAGE = YES_ERROR;
				CLANG_WARN_DOCUMENTATION_COMMENTS = YES;
				CLANG_WARN_EMPTY_BODY = YES;
				CLANG_WARN_ENUM_CONVERSION = YES;
				CLANG_WARN_INFINITE_RECURSION = YES;
				CLANG_WARN_INT_CONVERSION = YES;
				CLANG_WARN_NON_LITERAL_NULL_CONVERSION = YES;
				CLANG_WARN_OBJC_IMPLICIT_RETAIN_SELF = YES;
				CLANG_WARN_OBJC_LITERAL_CONVERSION = YES;
				CLANG_WARN_OBJC_ROOT_CLASS = YES_ERROR;
				CLANG_WARN_QUOTED_INCLUDE_IN_FRAMEWORK_HEADER = YES;
				CLANG_WARN_RANGE_LOOP_ANALYSIS = YES;
				CLANG_WARN_STRICT_PROTOTYPES = YES;
				CLANG_WARN_SUSPICIOUS_MOVE = YES;
				CLANG_WARN_UNGUARDED_AVAILABILITY = YES_AGGRESSIVE;
				CLANG_WARN_UNREACHABLE_CODE = YES;
				CLANG_WARN__DUPLICATE_METHOD_MATCH = YES;
				COPY_PHASE_STRIP = NO;
				DEBUG_INFORMATION_FORMAT = "dwarf-with-dsym";
				ENABLE_NS_ASSERTIONS = NO;
				ENABLE_STRICT_OBJC_MSGSEND = YES;
				GCC_C_LANGUAGE_STANDARD = gnu11;
				GCC_NO_COMMON_BLOCKS = YES;
				GCC_WARN_64_TO_32_BIT_CONVERSION = YES;
				GCC_WARN_ABOUT_RETURN_TYPE = YES_ERROR;
				GCC_WARN_UNDECLARED_SELECTOR = YES;
				GCC_WARN_UNINITIALIZED_AUTOS = YES_AGGRESSIVE;
				GCC_WARN_UNUSED_FUNCTION = YES;
				GCC_WARN_UNUSED_VARIABLE = YES;
				IPHONEOS_DEPLOYMENT_TARGET = 14.0;
				MTL_ENABLE_DEBUG_INFO = NO;
				MTL_FAST_MATH = YES;
				SDKROOT = iphoneos;
				SWIFT_COMPILATION_MODE = wholemodule;
				SWIFT_OPTIMIZATION_LEVEL = "-O";
				VALIDATE_PRODUCT = YES;
			};
			name = Release;
		};
		45E59BB52527481A006FD2C5 /* Debug */ = {
			isa = XCBuildConfiguration;
			buildSettings = {
				ALWAYS_EMBED_SWIFT_STANDARD_LIBRARIES = YES;
				ASSETCATALOG_COMPILER_APPICON_NAME = AppIcon;
				ASSETCATALOG_COMPILER_GLOBAL_ACCENT_COLOR_NAME = AccentColor;
				CLANG_ENABLE_MODULES = YES;
				CODE_SIGN_ENTITLEMENTS = NiceWeather/NiceWeather.entitlements;
				CODE_SIGN_STYLE = Automatic;
				DEVELOPMENT_ASSET_PATHS = "\"NiceWeather/Preview Content\"";
				DEVELOPMENT_TEAM = GGXD5E6AF8;
				ENABLE_PREVIEWS = YES;
				INFOPLIST_FILE = NiceWeather/Info.plist;
				IPHONEOS_DEPLOYMENT_TARGET = 14.0;
				LD_RUNPATH_SEARCH_PATHS = (
					"$(inherited)",
					"@executable_path/Frameworks",
				);
				PRODUCT_BUNDLE_IDENTIFIER = com.laurentb.NiceWeather;
				PRODUCT_NAME = "$(TARGET_NAME)";
				SUPPORTS_MACCATALYST = YES;
				SUPPORTS_MAC_DESIGNED_FOR_IPHONE_IPAD = YES;
				SWIFT_OPTIMIZATION_LEVEL = "-Onone";
				SWIFT_VERSION = 5.0;
				TARGETED_DEVICE_FAMILY = "1,2";
			};
			name = Debug;
		};
		45E59BB62527481A006FD2C5 /* Release */ = {
			isa = XCBuildConfiguration;
			buildSettings = {
				ALWAYS_EMBED_SWIFT_STANDARD_LIBRARIES = YES;
				ASSETCATALOG_COMPILER_APPICON_NAME = AppIcon;
				ASSETCATALOG_COMPILER_GLOBAL_ACCENT_COLOR_NAME = AccentColor;
				CLANG_ENABLE_MODULES = YES;
				CODE_SIGN_ENTITLEMENTS = NiceWeather/NiceWeather.entitlements;
				CODE_SIGN_STYLE = Automatic;
				DEVELOPMENT_ASSET_PATHS = "\"NiceWeather/Preview Content\"";
				DEVELOPMENT_TEAM = GGXD5E6AF8;
				ENABLE_PREVIEWS = YES;
				INFOPLIST_FILE = NiceWeather/Info.plist;
				IPHONEOS_DEPLOYMENT_TARGET = 14.0;
				LD_RUNPATH_SEARCH_PATHS = (
					"$(inherited)",
					"@executable_path/Frameworks",
				);
				PRODUCT_BUNDLE_IDENTIFIER = com.laurentb.NiceWeather;
				PRODUCT_NAME = "$(TARGET_NAME)";
				SUPPORTS_MACCATALYST = YES;
				SUPPORTS_MAC_DESIGNED_FOR_IPHONE_IPAD = YES;
				SWIFT_VERSION = 5.0;
				TARGETED_DEVICE_FAMILY = "1,2";
			};
			name = Release;
		};
		45E59BB82527481A006FD2C5 /* Debug */ = {
			isa = XCBuildConfiguration;
			buildSettings = {
				ALWAYS_EMBED_SWIFT_STANDARD_LIBRARIES = YES;
				BUNDLE_LOADER = "$(TEST_HOST)";
				CLANG_ENABLE_MODULES = YES;
				CODE_SIGN_STYLE = Automatic;
				DEVELOPMENT_TEAM = GGXD5E6AF8;
				INFOPLIST_FILE = NiceWeatherTests/Info.plist;
				IPHONEOS_DEPLOYMENT_TARGET = 14.0;
				LD_RUNPATH_SEARCH_PATHS = (
					"$(inherited)",
					"@executable_path/Frameworks",
					"@loader_path/Frameworks",
				);
				PRODUCT_BUNDLE_IDENTIFIER = com.laurentb.NiceWeatherTests;
				PRODUCT_NAME = "$(TARGET_NAME)";
				SWIFT_OPTIMIZATION_LEVEL = "-Onone";
				SWIFT_VERSION = 5.0;
				TARGETED_DEVICE_FAMILY = "1,2";
				TEST_HOST = "$(BUILT_PRODUCTS_DIR)/NiceWeather.app/NiceWeather";
			};
			name = Debug;
		};
		45E59BB92527481A006FD2C5 /* Release */ = {
			isa = XCBuildConfiguration;
			buildSettings = {
				ALWAYS_EMBED_SWIFT_STANDARD_LIBRARIES = YES;
				BUNDLE_LOADER = "$(TEST_HOST)";
				CLANG_ENABLE_MODULES = YES;
				CODE_SIGN_STYLE = Automatic;
				DEVELOPMENT_TEAM = GGXD5E6AF8;
				INFOPLIST_FILE = NiceWeatherTests/Info.plist;
				IPHONEOS_DEPLOYMENT_TARGET = 14.0;
				LD_RUNPATH_SEARCH_PATHS = (
					"$(inherited)",
					"@executable_path/Frameworks",
					"@loader_path/Frameworks",
				);
				PRODUCT_BUNDLE_IDENTIFIER = com.laurentb.NiceWeatherTests;
				PRODUCT_NAME = "$(TARGET_NAME)";
				SWIFT_VERSION = 5.0;
				TARGETED_DEVICE_FAMILY = "1,2";
				TEST_HOST = "$(BUILT_PRODUCTS_DIR)/NiceWeather.app/NiceWeather";
			};
			name = Release;
		};
		45E59BBB2527481A006FD2C5 /* Debug */ = {
			isa = XCBuildConfiguration;
			buildSettings = {
				ALWAYS_EMBED_SWIFT_STANDARD_LIBRARIES = YES;
				CODE_SIGN_STYLE = Automatic;
				DEVELOPMENT_TEAM = GGXD5E6AF8;
				INFOPLIST_FILE = NiceWeatherUITests/Info.plist;
				LD_RUNPATH_SEARCH_PATHS = (
					"$(inherited)",
					"@executable_path/Frameworks",
					"@loader_path/Frameworks",
				);
				PRODUCT_BUNDLE_IDENTIFIER = com.laurentb.NiceWeatherUITests;
				PRODUCT_NAME = "$(TARGET_NAME)";
				SWIFT_VERSION = 5.0;
				TARGETED_DEVICE_FAMILY = "1,2";
				TEST_TARGET_NAME = NiceWeather;
			};
			name = Debug;
		};
		45E59BBC2527481A006FD2C5 /* Release */ = {
			isa = XCBuildConfiguration;
			buildSettings = {
				ALWAYS_EMBED_SWIFT_STANDARD_LIBRARIES = YES;
				CODE_SIGN_STYLE = Automatic;
				DEVELOPMENT_TEAM = GGXD5E6AF8;
				INFOPLIST_FILE = NiceWeatherUITests/Info.plist;
				LD_RUNPATH_SEARCH_PATHS = (
					"$(inherited)",
					"@executable_path/Frameworks",
					"@loader_path/Frameworks",
				);
				PRODUCT_BUNDLE_IDENTIFIER = com.laurentb.NiceWeatherUITests;
				PRODUCT_NAME = "$(TARGET_NAME)";
				SWIFT_VERSION = 5.0;
				TARGETED_DEVICE_FAMILY = "1,2";
				TEST_TARGET_NAME = NiceWeather;
			};
			name = Release;
		};
/* End XCBuildConfiguration section */

/* Begin XCConfigurationList section */
		459FBAAF252DB65200173158 /* Build configuration list for PBXNativeTarget "NiceWeatherSlowTests" */ = {
			isa = XCConfigurationList;
			buildConfigurations = (
				459FBAAD252DB65200173158 /* Debug */,
				459FBAAE252DB65200173158 /* Release */,
			);
			defaultConfigurationIsVisible = 0;
			defaultConfigurationName = Release;
		};
		45D22EDF253B22FF005560CE /* Build configuration list for PBXNativeTarget "WeatherWidgetExtension" */ = {
			isa = XCConfigurationList;
			buildConfigurations = (
				45D22EDD253B22FF005560CE /* Debug */,
				45D22EDE253B22FF005560CE /* Release */,
			);
			defaultConfigurationIsVisible = 0;
			defaultConfigurationName = Release;
		};
		45E59B8A25274819006FD2C5 /* Build configuration list for PBXProject "NiceWeather" */ = {
			isa = XCConfigurationList;
			buildConfigurations = (
				45E59BB22527481A006FD2C5 /* Debug */,
				45E59BB32527481A006FD2C5 /* Release */,
			);
			defaultConfigurationIsVisible = 0;
			defaultConfigurationName = Release;
		};
		45E59BB42527481A006FD2C5 /* Build configuration list for PBXNativeTarget "NiceWeather" */ = {
			isa = XCConfigurationList;
			buildConfigurations = (
				45E59BB52527481A006FD2C5 /* Debug */,
				45E59BB62527481A006FD2C5 /* Release */,
			);
			defaultConfigurationIsVisible = 0;
			defaultConfigurationName = Release;
		};
		45E59BB72527481A006FD2C5 /* Build configuration list for PBXNativeTarget "NiceWeatherTests" */ = {
			isa = XCConfigurationList;
			buildConfigurations = (
				45E59BB82527481A006FD2C5 /* Debug */,
				45E59BB92527481A006FD2C5 /* Release */,
			);
			defaultConfigurationIsVisible = 0;
			defaultConfigurationName = Release;
		};
		45E59BBA2527481A006FD2C5 /* Build configuration list for PBXNativeTarget "NiceWeatherUITests" */ = {
			isa = XCConfigurationList;
			buildConfigurations = (
				45E59BBB2527481A006FD2C5 /* Debug */,
				45E59BBC2527481A006FD2C5 /* Release */,
			);
			defaultConfigurationIsVisible = 0;
			defaultConfigurationName = Release;
		};
/* End XCConfigurationList section */
	};
	rootObject = 45E59B8725274819006FD2C5 /* Project object */;
}
